
Microsoft Visual Studio Solution File, Format Version 12.00
# Visual Studio 15
VisualStudioVersion = 15.0.27703.2042
MinimumVisualStudioVersion = 10.0.40219.1
Project("{FAE04EC0-301F-11D3-BF4B-00C04F79EFBC}") = "GarbageCollector", "GarbageCollector\GarbageCollector.csproj", "{A435607C-0CD9-4BF2-8D8D-52D9799611CD}"
EndProject
Global
	GlobalSection(SolutionConfigurationPlatforms) = preSolution
		Debug|Any CPU = Debug|Any CPU
		Release|Any CPU = Release|Any CPU
	EndGlobalSection
	GlobalSection(ProjectConfigurationPlatforms) = postSolution
		{A435607C-0CD9-4BF2-8D8D-52D9799611CD}.Debug|Any CPU.ActiveCfg = Debug|Any CPU
		{A435607C-0CD9-4BF2-8D8D-52D9799611CD}.Debug|Any CPU.Build.0 = Debug|Any CPU
		{A435607C-0CD9-4BF2-8D8D-52D9799611CD}.Release|Any CPU.ActiveCfg = Release|Any CPU
		{A435607C-0CD9-4BF2-8D8D-52D9799611CD}.Release|Any CPU.Build.0 = Release|Any CPU
	EndGlobalSection
	GlobalSection(SolutionProperties) = preSolution
		HideSolutionNode = FALSE
	EndGlobalSection
	GlobalSection(ExtensibilityGlobals) = postSolution
		SolutionGuid = {48DACD8B-B6AE-411F-BA2F-5CAC010045B2}
	EndGlobalSection
EndGlobal
